
Microsoft Visual Studio Solution File, Format Version 12.00
# Visual Studio 2015
Project("{FAE04EC0-301F-11D3-BF4B-00C04F79EFBC}") = "Space Shooter 3D.CSharp", "Space Shooter 3D.CSharp.csproj", "{0911CA18-FD57-0AD2-179A-3D269D94C087}"
EndProject
Global
	GlobalSection(SolutionConfigurationPlatforms) = preSolution
		Debug|Any CPU = Debug|Any CPU
		Release|Any CPU = Release|Any CPU
	EndGlobalSection
	GlobalSection(ProjectConfigurationPlatforms) = postSolution
		{0911CA18-FD57-0AD2-179A-3D269D94C087}.Debug|Any CPU.ActiveCfg = Debug|Any CPU
		{0911CA18-FD57-0AD2-179A-3D269D94C087}.Debug|Any CPU.Build.0 = Debug|Any CPU
		{0911CA18-FD57-0AD2-179A-3D269D94C087}.Release|Any CPU.ActiveCfg = Release|Any CPU
		{0911CA18-FD57-0AD2-179A-3D269D94C087}.Release|Any CPU.Build.0 = Release|Any CPU
	EndGlobalSection
	GlobalSection(SolutionProperties) = preSolution
		HideSolutionNode = FALSE
	EndGlobalSection
EndGlobal
